
Microsoft Visual Studio Solution File, Format Version 12.00
# Visual Studio Version 16
VisualStudioVersion = 25.0.1704.0
MinimumVisualStudioVersion = 10.0.40219.1
Project("{FAE04EC0-301F-11D3-BF4B-00C04F79EFBC}") = "QuizAPI", "QuizAPI\QuizAPI.csproj", "{B51AB950-9E7C-4ED4-A6B5-6C9DFA7EC8E5}"
EndProject
Global
	GlobalSection(SolutionConfigurationPlatforms) = preSolution
		Debug|Any CPU = Debug|Any CPU
		Release|Any CPU = Release|Any CPU
	EndGlobalSection
	GlobalSection(ProjectConfigurationPlatforms) = postSolution
		{B51AB950-9E7C-4ED4-A6B5-6C9DFA7EC8E5}.Debug|Any CPU.ActiveCfg = Debug|Any CPU
		{B51AB950-9E7C-4ED4-A6B5-6C9DFA7EC8E5}.Debug|Any CPU.Build.0 = Debug|Any CPU
		{B51AB950-9E7C-4ED4-A6B5-6C9DFA7EC8E5}.Release|Any CPU.ActiveCfg = Release|Any CPU
		{B51AB950-9E7C-4ED4-A6B5-6C9DFA7EC8E5}.Release|Any CPU.Build.0 = Release|Any CPU
	EndGlobalSection
	GlobalSection(SolutionProperties) = preSolution
		HideSolutionNode = FALSE
	EndGlobalSection
	GlobalSection(ExtensibilityGlobals) = postSolution
		SolutionGuid = {A7CCE357-DB53-4717-9899-531B2EA725C0}
	EndGlobalSection
EndGlobal
